
Microsoft Visual Studio Solution File, Format Version 12.00
# Visual Studio Version 16
VisualStudioVersion = 16.0.31729.503
MinimumVisualStudioVersion = 10.0.40219.1
Project("{FAE04EC0-301F-11D3-BF4B-00C04F79EFBC}") = "Lines", "Lines\Lines.csproj", "{878D5366-3625-4A89-A4F3-4EFA78C4029E}"
EndProject
Global
	GlobalSection(SolutionConfigurationPlatforms) = preSolution
		Debug|Any CPU = Debug|Any CPU
		Release|Any CPU = Release|Any CPU
	EndGlobalSection
	GlobalSection(ProjectConfigurationPlatforms) = postSolution
		{878D5366-3625-4A89-A4F3-4EFA78C4029E}.Debug|Any CPU.ActiveCfg = Debug|Any CPU
		{878D5366-3625-4A89-A4F3-4EFA78C4029E}.Debug|Any CPU.Build.0 = Debug|Any CPU
		{878D5366-3625-4A89-A4F3-4EFA78C4029E}.Release|Any CPU.ActiveCfg = Release|Any CPU
		{878D5366-3625-4A89-A4F3-4EFA78C4029E}.Release|Any CPU.Build.0 = Release|Any CPU
	EndGlobalSection
	GlobalSection(SolutionProperties) = preSolution
		HideSolutionNode = FALSE
	EndGlobalSection
	GlobalSection(ExtensibilityGlobals) = postSolution
		SolutionGuid = {3BB5E970-5D0A-4CE6-9B14-86B95E069407}
	EndGlobalSection
EndGlobal
