
Microsoft Visual Studio Solution File, Format Version 12.00
# Visual Studio Version 16
VisualStudioVersion = 16.0.31729.503
MinimumVisualStudioVersion = 10.0.40219.1
Project("{FAE04EC0-301F-11D3-BF4B-00C04F79EFBC}") = "Day13PracticeProgram_UC4", "Day13PracticeProgram_UC4\Day13PracticeProgram_UC4.csproj", "{A58AECD1-CE03-459C-986D-54998B4C1849}"
EndProject
Global
	GlobalSection(SolutionConfigurationPlatforms) = preSolution
		Debug|Any CPU = Debug|Any CPU
		Release|Any CPU = Release|Any CPU
	EndGlobalSection
	GlobalSection(ProjectConfigurationPlatforms) = postSolution
		{A58AECD1-CE03-459C-986D-54998B4C1849}.Debug|Any CPU.ActiveCfg = Debug|Any CPU
		{A58AECD1-CE03-459C-986D-54998B4C1849}.Debug|Any CPU.Build.0 = Debug|Any CPU
		{A58AECD1-CE03-459C-986D-54998B4C1849}.Release|Any CPU.ActiveCfg = Release|Any CPU
		{A58AECD1-CE03-459C-986D-54998B4C1849}.Release|Any CPU.Build.0 = Release|Any CPU
	EndGlobalSection
	GlobalSection(SolutionProperties) = preSolution
		HideSolutionNode = FALSE
	EndGlobalSection
	GlobalSection(ExtensibilityGlobals) = postSolution
		SolutionGuid = {95CDDDCF-AD4B-4E6E-9D89-8413B4F5EBBD}
	EndGlobalSection
EndGlobal
