
Microsoft Visual Studio Solution File, Format Version 12.00
# Visual Studio Version 16
VisualStudioVersion = 16.0.31729.503
MinimumVisualStudioVersion = 10.0.40219.1
Project("{FAE04EC0-301F-11D3-BF4B-00C04F79EFBC}") = "InventoryDataManagement", "InventoryDataManagement\InventoryDataManagement.csproj", "{7DBE54D2-7D87-46B5-999E-C297A1692723}"
EndProject
Global
	GlobalSection(SolutionConfigurationPlatforms) = preSolution
		Debug|Any CPU = Debug|Any CPU
		Release|Any CPU = Release|Any CPU
	EndGlobalSection
	GlobalSection(ProjectConfigurationPlatforms) = postSolution
		{7DBE54D2-7D87-46B5-999E-C297A1692723}.Debug|Any CPU.ActiveCfg = Debug|Any CPU
		{7DBE54D2-7D87-46B5-999E-C297A1692723}.Debug|Any CPU.Build.0 = Debug|Any CPU
		{7DBE54D2-7D87-46B5-999E-C297A1692723}.Release|Any CPU.ActiveCfg = Release|Any CPU
		{7DBE54D2-7D87-46B5-999E-C297A1692723}.Release|Any CPU.Build.0 = Release|Any CPU
	EndGlobalSection
	GlobalSection(SolutionProperties) = preSolution
		HideSolutionNode = FALSE
	EndGlobalSection
	GlobalSection(ExtensibilityGlobals) = postSolution
		SolutionGuid = {F6393871-E3B6-404F-AE16-B1B8B8863EAE}
	EndGlobalSection
EndGlobal
