
Microsoft Visual Studio Solution File, Format Version 12.00
# Visual Studio Version 16
VisualStudioVersion = 16.0.31729.503
MinimumVisualStudioVersion = 10.0.40219.1
Project("{FAE04EC0-301F-11D3-BF4B-00C04F79EFBC}") = "StopWatch", "StopWatch\StopWatch.csproj", "{4E0B0B6E-F581-4BB4-8CD9-5848CEA6B924}"
EndProject
Global
	GlobalSection(SolutionConfigurationPlatforms) = preSolution
		Debug|Any CPU = Debug|Any CPU
		Release|Any CPU = Release|Any CPU
	EndGlobalSection
	GlobalSection(ProjectConfigurationPlatforms) = postSolution
		{4E0B0B6E-F581-4BB4-8CD9-5848CEA6B924}.Debug|Any CPU.ActiveCfg = Debug|Any CPU
		{4E0B0B6E-F581-4BB4-8CD9-5848CEA6B924}.Debug|Any CPU.Build.0 = Debug|Any CPU
		{4E0B0B6E-F581-4BB4-8CD9-5848CEA6B924}.Release|Any CPU.ActiveCfg = Release|Any CPU
		{4E0B0B6E-F581-4BB4-8CD9-5848CEA6B924}.Release|Any CPU.Build.0 = Release|Any CPU
	EndGlobalSection
	GlobalSection(SolutionProperties) = preSolution
		HideSolutionNode = FALSE
	EndGlobalSection
	GlobalSection(ExtensibilityGlobals) = postSolution
		SolutionGuid = {3FCC4F75-8660-4C5C-850C-EBE07C5B1F8A}
	EndGlobalSection
EndGlobal
