
Microsoft Visual Studio Solution File, Format Version 12.00
# Visual Studio Version 16
VisualStudioVersion = 16.0.31729.503
MinimumVisualStudioVersion = 10.0.40219.1
Project("{FAE04EC0-301F-11D3-BF4B-00C04F79EFBC}") = "EventsDemo", "EventsDemo\EventsDemo.csproj", "{8807D477-DB5B-462D-882B-D1943F0E9FDA}"
EndProject
Global
	GlobalSection(SolutionConfigurationPlatforms) = preSolution
		Debug|Any CPU = Debug|Any CPU
		Release|Any CPU = Release|Any CPU
	EndGlobalSection
	GlobalSection(ProjectConfigurationPlatforms) = postSolution
		{8807D477-DB5B-462D-882B-D1943F0E9FDA}.Debug|Any CPU.ActiveCfg = Debug|Any CPU
		{8807D477-DB5B-462D-882B-D1943F0E9FDA}.Debug|Any CPU.Build.0 = Debug|Any CPU
		{8807D477-DB5B-462D-882B-D1943F0E9FDA}.Release|Any CPU.ActiveCfg = Release|Any CPU
		{8807D477-DB5B-462D-882B-D1943F0E9FDA}.Release|Any CPU.Build.0 = Release|Any CPU
	EndGlobalSection
	GlobalSection(SolutionProperties) = preSolution
		HideSolutionNode = FALSE
	EndGlobalSection
	GlobalSection(ExtensibilityGlobals) = postSolution
		SolutionGuid = {D3A9FA56-DDAA-4318-ACE8-1679DECE5EF4}
	EndGlobalSection
EndGlobal
