
Microsoft Visual Studio Solution File, Format Version 12.00
# Visual Studio Version 16
VisualStudioVersion = 16.0.31729.503
MinimumVisualStudioVersion = 10.0.40219.1
Project("{FAE04EC0-301F-11D3-BF4B-00C04F79EFBC}") = "ConsoleApp1", "ConsoleApp1\ConsoleApp1.csproj", "{B5ADC6BF-1FC0-4007-8C6C-CA2A38C7B0FF}"
EndProject
Global
	GlobalSection(SolutionConfigurationPlatforms) = preSolution
		Debug|Any CPU = Debug|Any CPU
		Release|Any CPU = Release|Any CPU
	EndGlobalSection
	GlobalSection(ProjectConfigurationPlatforms) = postSolution
		{B5ADC6BF-1FC0-4007-8C6C-CA2A38C7B0FF}.Debug|Any CPU.ActiveCfg = Debug|Any CPU
		{B5ADC6BF-1FC0-4007-8C6C-CA2A38C7B0FF}.Debug|Any CPU.Build.0 = Debug|Any CPU
		{B5ADC6BF-1FC0-4007-8C6C-CA2A38C7B0FF}.Release|Any CPU.ActiveCfg = Release|Any CPU
		{B5ADC6BF-1FC0-4007-8C6C-CA2A38C7B0FF}.Release|Any CPU.Build.0 = Release|Any CPU
	EndGlobalSection
	GlobalSection(SolutionProperties) = preSolution
		HideSolutionNode = FALSE
	EndGlobalSection
	GlobalSection(ExtensibilityGlobals) = postSolution
		SolutionGuid = {E4B87302-D389-41A9-A03E-53ED2905182A}
	EndGlobalSection
EndGlobal
