
Microsoft Visual Studio Solution File, Format Version 12.00
# Visual Studio Version 16
VisualStudioVersion = 16.0.31729.503
MinimumVisualStudioVersion = 10.0.40219.1
Project("{FAE04EC0-301F-11D3-BF4B-00C04F79EFBC}") = "EmpWageForMonth", "EmpWageForMonth.csproj", "{1C474527-7A90-400A-93D5-9672100AFFE8}"
EndProject
Global
	GlobalSection(SolutionConfigurationPlatforms) = preSolution
		Debug|Any CPU = Debug|Any CPU
		Release|Any CPU = Release|Any CPU
	EndGlobalSection
	GlobalSection(ProjectConfigurationPlatforms) = postSolution
		{1C474527-7A90-400A-93D5-9672100AFFE8}.Debug|Any CPU.ActiveCfg = Debug|Any CPU
		{1C474527-7A90-400A-93D5-9672100AFFE8}.Debug|Any CPU.Build.0 = Debug|Any CPU
		{1C474527-7A90-400A-93D5-9672100AFFE8}.Release|Any CPU.ActiveCfg = Release|Any CPU
		{1C474527-7A90-400A-93D5-9672100AFFE8}.Release|Any CPU.Build.0 = Release|Any CPU
	EndGlobalSection
	GlobalSection(SolutionProperties) = preSolution
		HideSolutionNode = FALSE
	EndGlobalSection
	GlobalSection(ExtensibilityGlobals) = postSolution
		SolutionGuid = {7C318C30-BF0E-4926-89F9-A2A6202A6DC6}
	EndGlobalSection
EndGlobal
