
Microsoft Visual Studio Solution File, Format Version 12.00
# Visual Studio Version 16
VisualStudioVersion = 16.0.31729.503
MinimumVisualStudioVersion = 10.0.40219.1
Project("{FAE04EC0-301F-11D3-BF4B-00C04F79EFBC}") = "StopwatchProgram", "StopwatchProgram\StopwatchProgram.csproj", "{D4B856CF-955F-4C09-B541-84BC64846DDE}"
EndProject
Global
	GlobalSection(SolutionConfigurationPlatforms) = preSolution
		Debug|Any CPU = Debug|Any CPU
		Release|Any CPU = Release|Any CPU
	EndGlobalSection
	GlobalSection(ProjectConfigurationPlatforms) = postSolution
		{D4B856CF-955F-4C09-B541-84BC64846DDE}.Debug|Any CPU.ActiveCfg = Debug|Any CPU
		{D4B856CF-955F-4C09-B541-84BC64846DDE}.Debug|Any CPU.Build.0 = Debug|Any CPU
		{D4B856CF-955F-4C09-B541-84BC64846DDE}.Release|Any CPU.ActiveCfg = Release|Any CPU
		{D4B856CF-955F-4C09-B541-84BC64846DDE}.Release|Any CPU.Build.0 = Release|Any CPU
	EndGlobalSection
	GlobalSection(SolutionProperties) = preSolution
		HideSolutionNode = FALSE
	EndGlobalSection
	GlobalSection(ExtensibilityGlobals) = postSolution
		SolutionGuid = {90760461-828C-41DB-BEF9-A6D3490ABF94}
	EndGlobalSection
EndGlobal
