
Microsoft Visual Studio Solution File, Format Version 12.00
# Visual Studio Version 16
VisualStudioVersion = 16.0.31729.503
MinimumVisualStudioVersion = 10.0.40219.1
Project("{FAE04EC0-301F-11D3-BF4B-00C04F79EFBC}") = "CheckLessThanGreater", "CheckLessThanGreater.csproj", "{BDB1207C-3FDF-48FB-AFFB-482D0D5EE10F}"
EndProject
Global
	GlobalSection(SolutionConfigurationPlatforms) = preSolution
		Debug|Any CPU = Debug|Any CPU
		Release|Any CPU = Release|Any CPU
	EndGlobalSection
	GlobalSection(ProjectConfigurationPlatforms) = postSolution
		{BDB1207C-3FDF-48FB-AFFB-482D0D5EE10F}.Debug|Any CPU.ActiveCfg = Debug|Any CPU
		{BDB1207C-3FDF-48FB-AFFB-482D0D5EE10F}.Debug|Any CPU.Build.0 = Debug|Any CPU
		{BDB1207C-3FDF-48FB-AFFB-482D0D5EE10F}.Release|Any CPU.ActiveCfg = Release|Any CPU
		{BDB1207C-3FDF-48FB-AFFB-482D0D5EE10F}.Release|Any CPU.Build.0 = Release|Any CPU
	EndGlobalSection
	GlobalSection(SolutionProperties) = preSolution
		HideSolutionNode = FALSE
	EndGlobalSection
	GlobalSection(ExtensibilityGlobals) = postSolution
		SolutionGuid = {6E6D6278-66A1-4A85-B60B-A84953067B70}
	EndGlobalSection
EndGlobal
