
Microsoft Visual Studio Solution File, Format Version 12.00
# Visual Studio Version 16
VisualStudioVersion = 16.0.31729.503
MinimumVisualStudioVersion = 10.0.40219.1
Project("{FAE04EC0-301F-11D3-BF4B-00C04F79EFBC}") = "WithoutGenerics", "WithoutGenerics\WithoutGenerics.csproj", "{80B8B000-8185-42ED-A68C-9A2CBBBBD9FD}"
EndProject
Global
	GlobalSection(SolutionConfigurationPlatforms) = preSolution
		Debug|Any CPU = Debug|Any CPU
		Release|Any CPU = Release|Any CPU
	EndGlobalSection
	GlobalSection(ProjectConfigurationPlatforms) = postSolution
		{80B8B000-8185-42ED-A68C-9A2CBBBBD9FD}.Debug|Any CPU.ActiveCfg = Debug|Any CPU
		{80B8B000-8185-42ED-A68C-9A2CBBBBD9FD}.Debug|Any CPU.Build.0 = Debug|Any CPU
		{80B8B000-8185-42ED-A68C-9A2CBBBBD9FD}.Release|Any CPU.ActiveCfg = Release|Any CPU
		{80B8B000-8185-42ED-A68C-9A2CBBBBD9FD}.Release|Any CPU.Build.0 = Release|Any CPU
	EndGlobalSection
	GlobalSection(SolutionProperties) = preSolution
		HideSolutionNode = FALSE
	EndGlobalSection
	GlobalSection(ExtensibilityGlobals) = postSolution
		SolutionGuid = {6F32AFD4-4DE6-4339-8E14-EB82BD199375}
	EndGlobalSection
EndGlobal
