
Microsoft Visual Studio Solution File, Format Version 12.00
# Visual Studio Version 16
VisualStudioVersion = 16.0.31729.503
MinimumVisualStudioVersion = 10.0.40219.1
Project("{FAE04EC0-301F-11D3-BF4B-00C04F79EFBC}") = "CheckTwoLineEqual", "CheckTwoLineEqual.csproj", "{4575DA8B-9EA8-495B-A0FB-DBB765FA57E1}"
EndProject
Global
	GlobalSection(SolutionConfigurationPlatforms) = preSolution
		Debug|Any CPU = Debug|Any CPU
		Release|Any CPU = Release|Any CPU
	EndGlobalSection
	GlobalSection(ProjectConfigurationPlatforms) = postSolution
		{4575DA8B-9EA8-495B-A0FB-DBB765FA57E1}.Debug|Any CPU.ActiveCfg = Debug|Any CPU
		{4575DA8B-9EA8-495B-A0FB-DBB765FA57E1}.Debug|Any CPU.Build.0 = Debug|Any CPU
		{4575DA8B-9EA8-495B-A0FB-DBB765FA57E1}.Release|Any CPU.ActiveCfg = Release|Any CPU
		{4575DA8B-9EA8-495B-A0FB-DBB765FA57E1}.Release|Any CPU.Build.0 = Release|Any CPU
	EndGlobalSection
	GlobalSection(SolutionProperties) = preSolution
		HideSolutionNode = FALSE
	EndGlobalSection
	GlobalSection(ExtensibilityGlobals) = postSolution
		SolutionGuid = {1870A124-AB11-450F-AE08-E1A14072C223}
	EndGlobalSection
EndGlobal
